
Microsoft Visual Studio Solution File, Format Version 12.00
# Visual Studio Version 16
VisualStudioVersion = 16.0.31005.135
MinimumVisualStudioVersion = 10.0.40219.1
Project("{888888A0-9F3D-457C-B088-3A5042F75D52}") = "Pacman", "Pacman.pyproj", "{F8D25EE6-7C77-4007-A94E-20FD169BA352}"
EndProject
Global
	GlobalSection(SolutionConfigurationPlatforms) = preSolution
		Debug|Any CPU = Debug|Any CPU
		Release|Any CPU = Release|Any CPU
	EndGlobalSection
	GlobalSection(ProjectConfigurationPlatforms) = postSolution
		{F8D25EE6-7C77-4007-A94E-20FD169BA352}.Debug|Any CPU.ActiveCfg = Debug|Any CPU
		{F8D25EE6-7C77-4007-A94E-20FD169BA352}.Release|Any CPU.ActiveCfg = Release|Any CPU
	EndGlobalSection
	GlobalSection(SolutionProperties) = preSolution
		HideSolutionNode = FALSE
	EndGlobalSection
	GlobalSection(ExtensibilityGlobals) = postSolution
		SolutionGuid = {000CDF24-618D-4DAA-B7BA-03179DB2AF8A}
	EndGlobalSection
EndGlobal
